// !$*UTF8*$!
{
	archiveVersion = 1;
	classes = {
	};
	objectVersion = 52;
	objects = {

/* Begin PBXBuildFile section */
		40106C162575A5BD008A0605 /* SearchBarView.swift in Sources */ = {isa = PBXBuildFile; fileRef = 40106C152575A5BD008A0605 /* SearchBarView.swift */; };
		40106C1B2575A5DD008A0605 /* ViewControllerResolver.swift in Sources */ = {isa = PBXBuildFile; fileRef = 40106C1A2575A5DD008A0605 /* ViewControllerResolver.swift */; };
		403A17A625782DF900BA75A2 /* TmdbApi.swift in Sources */ = {isa = PBXBuildFile; fileRef = 403A17A525782DF900BA75A2 /* TmdbApi.swift */; };
		403A17AB25783A4E00BA75A2 /* FileService.swift in Sources */ = {isa = PBXBuildFile; fileRef = 403A17AA25783A4D00BA75A2 /* FileService.swift */; };
		403A17B02578469D00BA75A2 /* EpisodeDataSource.swift in Sources */ = {isa = PBXBuildFile; fileRef = 403A17AF2578469C00BA75A2 /* EpisodeDataSource.swift */; };
		403A17BC257848C600BA75A2 /* EpisodePersistencyService.swift in Sources */ = {isa = PBXBuildFile; fileRef = 403A17BB257848C600BA75A2 /* EpisodePersistencyService.swift */; };
		404AA2CB2570308B00D1036F /* EpisodeServiceTest.swift in Sources */ = {isa = PBXBuildFile; fileRef = 404AA2CA2570308B00D1036F /* EpisodeServiceTest.swift */; };
		404AA2D32570384500D1036F /* SeasonPersitencyService.swift in Sources */ = {isa = PBXBuildFile; fileRef = 404AA2D22570384500D1036F /* SeasonPersitencyService.swift */; };
		404AA2D82570486F00D1036F /* ConvertToDateTest.swift in Sources */ = {isa = PBXBuildFile; fileRef = 404AA2D72570486F00D1036F /* ConvertToDateTest.swift */; };
		4057AE4D256B1F140099EE8D /* FavoriteStarView.swift in Sources */ = {isa = PBXBuildFile; fileRef = 4057AE4C256B1F140099EE8D /* FavoriteStarView.swift */; };
		405B2D06256D9CD200A42BFA /* ShowPersistencyService.swift in Sources */ = {isa = PBXBuildFile; fileRef = 405B2D05256D9CD200A42BFA /* ShowPersistencyService.swift */; };
		405B2D13256DB38B00A42BFA /* SeasonService.swift in Sources */ = {isa = PBXBuildFile; fileRef = 405B2D12256DB38B00A42BFA /* SeasonService.swift */; };
		405B2D18256DB52400A42BFA /* SeasonServiceTest.swift in Sources */ = {isa = PBXBuildFile; fileRef = 405B2D17256DB52400A42BFA /* SeasonServiceTest.swift */; };
		405B2D1D25702CD100A42BFA /* EpisodeService.swift in Sources */ = {isa = PBXBuildFile; fileRef = 405B2D1C25702CD000A42BFA /* EpisodeService.swift */; };
		405D4BE125705615008C6F9E /* SeasonPersistencySerivceTest.swift in Sources */ = {isa = PBXBuildFile; fileRef = 405D4BE025705615008C6F9E /* SeasonPersistencySerivceTest.swift */; };
		405D4BE7257058ED008C6F9E /* SeasonServiceProtocol.swift in Sources */ = {isa = PBXBuildFile; fileRef = 405D4BE6257058ED008C6F9E /* SeasonServiceProtocol.swift */; };
		405D4BF025705951008C6F9E /* MockSeasonService.swift in Sources */ = {isa = PBXBuildFile; fileRef = 405D4BEF25705951008C6F9E /* MockSeasonService.swift */; };
		405D4BF8257454A2008C6F9E /* TMDBImageModel.swift in Sources */ = {isa = PBXBuildFile; fileRef = 405D4BF7257454A2008C6F9E /* TMDBImageModel.swift */; };
		405D4C022574E413008C6F9E /* ShowRowView.swift in Sources */ = {isa = PBXBuildFile; fileRef = 405D4C012574E413008C6F9E /* ShowRowView.swift */; };
		40A9432125693F320034C307 /* Alamofire in Frameworks */ = {isa = PBXBuildFile; productRef = 40A9432025693F320034C307 /* Alamofire */; };
		40B0927D257977FD00A7E0C3 /* EpisodeDetailView.swift in Sources */ = {isa = PBXBuildFile; fileRef = 40B0927C257977FD00A7E0C3 /* EpisodeDetailView.swift */; };
		40C69FA82559C3EE00B05DBD /* TvTrackerApp.swift in Sources */ = {isa = PBXBuildFile; fileRef = 40C69FA72559C3EE00B05DBD /* TvTrackerApp.swift */; };
		40C69FAA2559C3EE00B05DBD /* ContentView.swift in Sources */ = {isa = PBXBuildFile; fileRef = 40C69FA92559C3EE00B05DBD /* ContentView.swift */; };
		40C69FAC2559C3F200B05DBD /* Assets.xcassets in Resources */ = {isa = PBXBuildFile; fileRef = 40C69FAB2559C3F200B05DBD /* Assets.xcassets */; };
		40C69FAF2559C3F200B05DBD /* Preview Assets.xcassets in Resources */ = {isa = PBXBuildFile; fileRef = 40C69FAE2559C3F200B05DBD /* Preview Assets.xcassets */; };
		40C69FB12559C3F200B05DBD /* Persistence.swift in Sources */ = {isa = PBXBuildFile; fileRef = 40C69FB02559C3F200B05DBD /* Persistence.swift */; };
		40C69FB42559C3F200B05DBD /* TvTracker.xcdatamodeld in Sources */ = {isa = PBXBuildFile; fileRef = 40C69FB22559C3F200B05DBD /* TvTracker.xcdatamodeld */; };
		40C69FBF2559C3F300B05DBD /* ShowServiceTest.swift in Sources */ = {isa = PBXBuildFile; fileRef = 40C69FBE2559C3F300B05DBD /* ShowServiceTest.swift */; };
		40C69FCA2559C3F300B05DBD /* TvTrackerUITests.swift in Sources */ = {isa = PBXBuildFile; fileRef = 40C69FC92559C3F300B05DBD /* TvTrackerUITests.swift */; };
		40CAFE6A25696E54002890DE /* URLImage in Frameworks */ = {isa = PBXBuildFile; productRef = 40CAFE6925696E54002890DE /* URLImage */; };
		40CAFE6F2569732D002890DE /* ListImageView.swift in Sources */ = {isa = PBXBuildFile; fileRef = 40CAFE6E2569732D002890DE /* ListImageView.swift */; };
		40E7B496257585F500B04A73 /* ShowListView.swift in Sources */ = {isa = PBXBuildFile; fileRef = 40E7B495257585F500B04A73 /* ShowListView.swift */; };
		8419921425757A0B00B0AD3B /* SeasonDetailView.swift in Sources */ = {isa = PBXBuildFile; fileRef = 8419921325757A0B00B0AD3B /* SeasonDetailView.swift */; };
		84BBDCD3257D1B3100FA3627 /* FavoriteTextView.swift in Sources */ = {isa = PBXBuildFile; fileRef = 84BBDCD2257D1B3100FA3627 /* FavoriteTextView.swift */; };
		84CA63EF257532C1009BF76B /* SeasonDataSource.swift in Sources */ = {isa = PBXBuildFile; fileRef = 84CA63EE257532C1009BF76B /* SeasonDataSource.swift */; };
		84CA63F425754687009BF76B /* AboutView.swift in Sources */ = {isa = PBXBuildFile; fileRef = 84CA63F325754687009BF76B /* AboutView.swift */; };
		84EDF0592569279800037F00 /* ReleaseView.swift in Sources */ = {isa = PBXBuildFile; fileRef = 84EDF0582569279800037F00 /* ReleaseView.swift */; };
		84EDF05E2569280000037F00 /* FavoritesView.swift in Sources */ = {isa = PBXBuildFile; fileRef = 84EDF05D2569280000037F00 /* FavoritesView.swift */; };
		84EF055B2569AB7300D62C7D /* TraktIdModel.swift in Sources */ = {isa = PBXBuildFile; fileRef = 84EF05572569AB7300D62C7D /* TraktIdModel.swift */; };
		84EF055C2569AB7300D62C7D /* ShowModel.swift in Sources */ = {isa = PBXBuildFile; fileRef = 84EF05582569AB7300D62C7D /* ShowModel.swift */; };
		84EF055D2569AB7300D62C7D /* EpisodeModel.swift in Sources */ = {isa = PBXBuildFile; fileRef = 84EF05592569AB7300D62C7D /* EpisodeModel.swift */; };
		84EF055E2569AB7300D62C7D /* SeasonModel.swift in Sources */ = {isa = PBXBuildFile; fileRef = 84EF055A2569AB7300D62C7D /* SeasonModel.swift */; };
		84EF05652569AB9700D62C7D /* TraktApi.swift in Sources */ = {isa = PBXBuildFile; fileRef = 84EF05622569AB9700D62C7D /* TraktApi.swift */; };
		84EF05672569AB9700D62C7D /* ShowService.swift in Sources */ = {isa = PBXBuildFile; fileRef = 84EF05642569AB9700D62C7D /* ShowService.swift */; };
		84FB19AA256D327B004692BC /* ShowDetailView.swift in Sources */ = {isa = PBXBuildFile; fileRef = 84FB19A9256D327B004692BC /* ShowDetailView.swift */; };
		84FED80D256AAF6A0057C5B4 /* ShowDataSource.swift in Sources */ = {isa = PBXBuildFile; fileRef = 84FED80C256AAF6A0057C5B4 /* ShowDataSource.swift */; };
/* End PBXBuildFile section */

/* Begin PBXContainerItemProxy section */
		40C69FBB2559C3F300B05DBD /* PBXContainerItemProxy */ = {
			isa = PBXContainerItemProxy;
			containerPortal = 40C69F9C2559C3EE00B05DBD /* Project object */;
			proxyType = 1;
			remoteGlobalIDString = 40C69FA32559C3EE00B05DBD;
			remoteInfo = TvTracker;
		};
		40C69FC62559C3F300B05DBD /* PBXContainerItemProxy */ = {
			isa = PBXContainerItemProxy;
			containerPortal = 40C69F9C2559C3EE00B05DBD /* Project object */;
			proxyType = 1;
			remoteGlobalIDString = 40C69FA32559C3EE00B05DBD;
			remoteInfo = TvTracker;
		};
/* End PBXContainerItemProxy section */

/* Begin PBXFileReference section */
		40106C152575A5BD008A0605 /* SearchBarView.swift */ = {isa = PBXFileReference; lastKnownFileType = sourcecode.swift; path = SearchBarView.swift; sourceTree = "<group>"; };
		40106C1A2575A5DD008A0605 /* ViewControllerResolver.swift */ = {isa = PBXFileReference; lastKnownFileType = sourcecode.swift; path = ViewControllerResolver.swift; sourceTree = "<group>"; };
		403A17A525782DF900BA75A2 /* TmdbApi.swift */ = {isa = PBXFileReference; lastKnownFileType = sourcecode.swift; path = TmdbApi.swift; sourceTree = "<group>"; };
		403A17AA25783A4D00BA75A2 /* FileService.swift */ = {isa = PBXFileReference; lastKnownFileType = sourcecode.swift; path = FileService.swift; sourceTree = "<group>"; };
		403A17AF2578469C00BA75A2 /* EpisodeDataSource.swift */ = {isa = PBXFileReference; lastKnownFileType = sourcecode.swift; path = EpisodeDataSource.swift; sourceTree = "<group>"; };
		403A17BB257848C600BA75A2 /* EpisodePersistencyService.swift */ = {isa = PBXFileReference; lastKnownFileType = sourcecode.swift; path = EpisodePersistencyService.swift; sourceTree = "<group>"; };
		404AA2CA2570308B00D1036F /* EpisodeServiceTest.swift */ = {isa = PBXFileReference; lastKnownFileType = sourcecode.swift; path = EpisodeServiceTest.swift; sourceTree = "<group>"; };
		404AA2D22570384500D1036F /* SeasonPersitencyService.swift */ = {isa = PBXFileReference; lastKnownFileType = sourcecode.swift; path = SeasonPersitencyService.swift; sourceTree = "<group>"; };
		404AA2D72570486F00D1036F /* ConvertToDateTest.swift */ = {isa = PBXFileReference; lastKnownFileType = sourcecode.swift; path = ConvertToDateTest.swift; sourceTree = "<group>"; };
		4057AE4C256B1F140099EE8D /* FavoriteStarView.swift */ = {isa = PBXFileReference; lastKnownFileType = sourcecode.swift; path = FavoriteStarView.swift; sourceTree = "<group>"; };
		405B2D05256D9CD200A42BFA /* ShowPersistencyService.swift */ = {isa = PBXFileReference; lastKnownFileType = sourcecode.swift; path = ShowPersistencyService.swift; sourceTree = "<group>"; };
		405B2D12256DB38B00A42BFA /* SeasonService.swift */ = {isa = PBXFileReference; lastKnownFileType = sourcecode.swift; path = SeasonService.swift; sourceTree = "<group>"; };
		405B2D17256DB52400A42BFA /* SeasonServiceTest.swift */ = {isa = PBXFileReference; lastKnownFileType = sourcecode.swift; path = SeasonServiceTest.swift; sourceTree = "<group>"; };
		405B2D1C25702CD000A42BFA /* EpisodeService.swift */ = {isa = PBXFileReference; lastKnownFileType = sourcecode.swift; path = EpisodeService.swift; sourceTree = "<group>"; };
		405D4BE025705615008C6F9E /* SeasonPersistencySerivceTest.swift */ = {isa = PBXFileReference; lastKnownFileType = sourcecode.swift; path = SeasonPersistencySerivceTest.swift; sourceTree = "<group>"; };
		405D4BE6257058ED008C6F9E /* SeasonServiceProtocol.swift */ = {isa = PBXFileReference; lastKnownFileType = sourcecode.swift; path = SeasonServiceProtocol.swift; sourceTree = "<group>"; };
		405D4BEF25705951008C6F9E /* MockSeasonService.swift */ = {isa = PBXFileReference; lastKnownFileType = sourcecode.swift; path = MockSeasonService.swift; sourceTree = "<group>"; };
		405D4BF7257454A2008C6F9E /* TMDBImageModel.swift */ = {isa = PBXFileReference; lastKnownFileType = sourcecode.swift; path = TMDBImageModel.swift; sourceTree = "<group>"; };
		405D4C012574E413008C6F9E /* ShowRowView.swift */ = {isa = PBXFileReference; lastKnownFileType = sourcecode.swift; path = ShowRowView.swift; sourceTree = "<group>"; };
		40B0927C257977FD00A7E0C3 /* EpisodeDetailView.swift */ = {isa = PBXFileReference; lastKnownFileType = sourcecode.swift; path = EpisodeDetailView.swift; sourceTree = "<group>"; };
		40C69FA42559C3EE00B05DBD /* TvTracker.app */ = {isa = PBXFileReference; explicitFileType = wrapper.application; includeInIndex = 0; path = TvTracker.app; sourceTree = BUILT_PRODUCTS_DIR; };
		40C69FA72559C3EE00B05DBD /* TvTrackerApp.swift */ = {isa = PBXFileReference; lastKnownFileType = sourcecode.swift; path = TvTrackerApp.swift; sourceTree = "<group>"; };
		40C69FA92559C3EE00B05DBD /* ContentView.swift */ = {isa = PBXFileReference; lastKnownFileType = sourcecode.swift; path = ContentView.swift; sourceTree = "<group>"; };
		40C69FAB2559C3F200B05DBD /* Assets.xcassets */ = {isa = PBXFileReference; lastKnownFileType = folder.assetcatalog; path = Assets.xcassets; sourceTree = "<group>"; };
		40C69FAE2559C3F200B05DBD /* Preview Assets.xcassets */ = {isa = PBXFileReference; lastKnownFileType = folder.assetcatalog; path = "Preview Assets.xcassets"; sourceTree = "<group>"; };
		40C69FB02559C3F200B05DBD /* Persistence.swift */ = {isa = PBXFileReference; lastKnownFileType = sourcecode.swift; path = Persistence.swift; sourceTree = "<group>"; };
		40C69FB32559C3F200B05DBD /* TvTracker.xcdatamodel */ = {isa = PBXFileReference; lastKnownFileType = wrapper.xcdatamodel; path = TvTracker.xcdatamodel; sourceTree = "<group>"; };
		40C69FB52559C3F200B05DBD /* Info.plist */ = {isa = PBXFileReference; lastKnownFileType = text.plist.xml; path = Info.plist; sourceTree = "<group>"; };
		40C69FBA2559C3F300B05DBD /* TvTrackerTests.xctest */ = {isa = PBXFileReference; explicitFileType = wrapper.cfbundle; includeInIndex = 0; path = TvTrackerTests.xctest; sourceTree = BUILT_PRODUCTS_DIR; };
		40C69FBE2559C3F300B05DBD /* ShowServiceTest.swift */ = {isa = PBXFileReference; lastKnownFileType = sourcecode.swift; path = ShowServiceTest.swift; sourceTree = "<group>"; };
		40C69FC02559C3F300B05DBD /* Info.plist */ = {isa = PBXFileReference; lastKnownFileType = text.plist.xml; path = Info.plist; sourceTree = "<group>"; };
		40C69FC52559C3F300B05DBD /* TvTrackerUITests.xctest */ = {isa = PBXFileReference; explicitFileType = wrapper.cfbundle; includeInIndex = 0; path = TvTrackerUITests.xctest; sourceTree = BUILT_PRODUCTS_DIR; };
		40C69FC92559C3F300B05DBD /* TvTrackerUITests.swift */ = {isa = PBXFileReference; lastKnownFileType = sourcecode.swift; path = TvTrackerUITests.swift; sourceTree = "<group>"; };
		40C69FCB2559C3F300B05DBD /* Info.plist */ = {isa = PBXFileReference; lastKnownFileType = text.plist.xml; path = Info.plist; sourceTree = "<group>"; };
		40CAFE6E2569732D002890DE /* ListImageView.swift */ = {isa = PBXFileReference; lastKnownFileType = sourcecode.swift; path = ListImageView.swift; sourceTree = "<group>"; };
		40E7B495257585F500B04A73 /* ShowListView.swift */ = {isa = PBXFileReference; lastKnownFileType = sourcecode.swift; path = ShowListView.swift; sourceTree = "<group>"; };
		8419921325757A0B00B0AD3B /* SeasonDetailView.swift */ = {isa = PBXFileReference; lastKnownFileType = sourcecode.swift; path = SeasonDetailView.swift; sourceTree = "<group>"; };
		84BBDCD2257D1B3100FA3627 /* FavoriteTextView.swift */ = {isa = PBXFileReference; lastKnownFileType = sourcecode.swift; path = FavoriteTextView.swift; sourceTree = "<group>"; };
		84CA63EE257532C1009BF76B /* SeasonDataSource.swift */ = {isa = PBXFileReference; lastKnownFileType = sourcecode.swift; path = SeasonDataSource.swift; sourceTree = "<group>"; };
		84CA63F325754687009BF76B /* AboutView.swift */ = {isa = PBXFileReference; lastKnownFileType = sourcecode.swift; path = AboutView.swift; sourceTree = "<group>"; };
		84EDF0582569279800037F00 /* ReleaseView.swift */ = {isa = PBXFileReference; lastKnownFileType = sourcecode.swift; path = ReleaseView.swift; sourceTree = "<group>"; };
		84EDF05D2569280000037F00 /* FavoritesView.swift */ = {isa = PBXFileReference; lastKnownFileType = sourcecode.swift; path = FavoritesView.swift; sourceTree = "<group>"; };
		84EF05572569AB7300D62C7D /* TraktIdModel.swift */ = {isa = PBXFileReference; fileEncoding = 4; lastKnownFileType = sourcecode.swift; path = TraktIdModel.swift; sourceTree = "<group>"; };
		84EF05582569AB7300D62C7D /* ShowModel.swift */ = {isa = PBXFileReference; fileEncoding = 4; lastKnownFileType = sourcecode.swift; path = ShowModel.swift; sourceTree = "<group>"; };
		84EF05592569AB7300D62C7D /* EpisodeModel.swift */ = {isa = PBXFileReference; fileEncoding = 4; lastKnownFileType = sourcecode.swift; path = EpisodeModel.swift; sourceTree = "<group>"; };
		84EF055A2569AB7300D62C7D /* SeasonModel.swift */ = {isa = PBXFileReference; fileEncoding = 4; lastKnownFileType = sourcecode.swift; path = SeasonModel.swift; sourceTree = "<group>"; };
		84EF05622569AB9700D62C7D /* TraktApi.swift */ = {isa = PBXFileReference; fileEncoding = 4; lastKnownFileType = sourcecode.swift; path = TraktApi.swift; sourceTree = "<group>"; };
		84EF05642569AB9700D62C7D /* ShowService.swift */ = {isa = PBXFileReference; fileEncoding = 4; lastKnownFileType = sourcecode.swift; path = ShowService.swift; sourceTree = "<group>"; };
		84FB19A9256D327B004692BC /* ShowDetailView.swift */ = {isa = PBXFileReference; lastKnownFileType = sourcecode.swift; path = ShowDetailView.swift; sourceTree = "<group>"; };
		84FED80C256AAF6A0057C5B4 /* ShowDataSource.swift */ = {isa = PBXFileReference; lastKnownFileType = sourcecode.swift; path = ShowDataSource.swift; sourceTree = "<group>"; };
/* End PBXFileReference section */

/* Begin PBXFrameworksBuildPhase section */
		40C69FA12559C3EE00B05DBD /* Frameworks */ = {
			isa = PBXFrameworksBuildPhase;
			buildActionMask = 2147483647;
			files = (
				40CAFE6A25696E54002890DE /* URLImage in Frameworks */,
				40A9432125693F320034C307 /* Alamofire in Frameworks */,
			);
			runOnlyForDeploymentPostprocessing = 0;
		};
		40C69FB72559C3F300B05DBD /* Frameworks */ = {
			isa = PBXFrameworksBuildPhase;
			buildActionMask = 2147483647;
			files = (
			);
			runOnlyForDeploymentPostprocessing = 0;
		};
		40C69FC22559C3F300B05DBD /* Frameworks */ = {
			isa = PBXFrameworksBuildPhase;
			buildActionMask = 2147483647;
			files = (
			);
			runOnlyForDeploymentPostprocessing = 0;
		};
/* End PBXFrameworksBuildPhase section */

/* Begin PBXGroup section */
		403A17B42578485300BA75A2 /* ShowServices */ = {
			isa = PBXGroup;
			children = (
				84EF05642569AB9700D62C7D /* ShowService.swift */,
				84FED80C256AAF6A0057C5B4 /* ShowDataSource.swift */,
				405B2D05256D9CD200A42BFA /* ShowPersistencyService.swift */,
			);
			path = ShowServices;
			sourceTree = "<group>";
		};
		403A17B52578486400BA75A2 /* SeasonServices */ = {
			isa = PBXGroup;
			children = (
				405B2D12256DB38B00A42BFA /* SeasonService.swift */,
				404AA2D22570384500D1036F /* SeasonPersitencyService.swift */,
				84CA63EE257532C1009BF76B /* SeasonDataSource.swift */,
			);
			path = SeasonServices;
			sourceTree = "<group>";
		};
		403A17B62578487500BA75A2 /* EpisodeServices */ = {
			isa = PBXGroup;
			children = (
				405B2D1C25702CD000A42BFA /* EpisodeService.swift */,
				403A17AF2578469C00BA75A2 /* EpisodeDataSource.swift */,
				403A17BB257848C600BA75A2 /* EpisodePersistencyService.swift */,
			);
			path = EpisodeServices;
			sourceTree = "<group>";
		};
		403A17BA2578489F00BA75A2 /* ApiServices */ = {
			isa = PBXGroup;
			children = (
				84EF05622569AB9700D62C7D /* TraktApi.swift */,
				403A17A525782DF900BA75A2 /* TmdbApi.swift */,
			);
			path = ApiServices;
			sourceTree = "<group>";
		};
		405D4BE5257058CC008C6F9E /* Protocols */ = {
			isa = PBXGroup;
			children = (
				405D4BE6257058ED008C6F9E /* SeasonServiceProtocol.swift */,
			);
			path = Protocols;
			sourceTree = "<group>";
		};
		405D4BEE25705941008C6F9E /* Mock */ = {
			isa = PBXGroup;
			children = (
				405D4BEF25705951008C6F9E /* MockSeasonService.swift */,
			);
			path = Mock;
			sourceTree = "<group>";
		};
		40C69F9B2559C3EE00B05DBD = {
			isa = PBXGroup;
			children = (
				40C69FA62559C3EE00B05DBD /* TvTracker */,
				40C69FBD2559C3F300B05DBD /* TvTrackerTests */,
				40C69FC82559C3F300B05DBD /* TvTrackerUITests */,
				40C69FA52559C3EE00B05DBD /* Products */,
			);
			sourceTree = "<group>";
		};
		40C69FA52559C3EE00B05DBD /* Products */ = {
			isa = PBXGroup;
			children = (
				40C69FA42559C3EE00B05DBD /* TvTracker.app */,
				40C69FBA2559C3F300B05DBD /* TvTrackerTests.xctest */,
				40C69FC52559C3F300B05DBD /* TvTrackerUITests.xctest */,
			);
			name = Products;
			sourceTree = "<group>";
		};
		40C69FA62559C3EE00B05DBD /* TvTracker */ = {
			isa = PBXGroup;
			children = (
				40CAFE7925697D73002890DE /* Services */,
				40CAFE7825697D5A002890DE /* Models */,
				84EDF06D25692C6C00037F00 /* Views */,
				40C69FA72559C3EE00B05DBD /* TvTrackerApp.swift */,
				40C69FAB2559C3F200B05DBD /* Assets.xcassets */,
				40C69FB02559C3F200B05DBD /* Persistence.swift */,
				40C69FB52559C3F200B05DBD /* Info.plist */,
				40C69FB22559C3F200B05DBD /* TvTracker.xcdatamodeld */,
				40C69FAD2559C3F200B05DBD /* Preview Content */,
			);
			path = TvTracker;
			sourceTree = "<group>";
		};
		40C69FAD2559C3F200B05DBD /* Preview Content */ = {
			isa = PBXGroup;
			children = (
				40C69FAE2559C3F200B05DBD /* Preview Assets.xcassets */,
			);
			path = "Preview Content";
			sourceTree = "<group>";
		};
		40C69FBD2559C3F300B05DBD /* TvTrackerTests */ = {
			isa = PBXGroup;
			children = (
				405D4BEE25705941008C6F9E /* Mock */,
				40C69FBE2559C3F300B05DBD /* ShowServiceTest.swift */,
				40C69FC02559C3F300B05DBD /* Info.plist */,
				405B2D17256DB52400A42BFA /* SeasonServiceTest.swift */,
				404AA2CA2570308B00D1036F /* EpisodeServiceTest.swift */,
				404AA2D72570486F00D1036F /* ConvertToDateTest.swift */,
				405D4BE025705615008C6F9E /* SeasonPersistencySerivceTest.swift */,
			);
			path = TvTrackerTests;
			sourceTree = "<group>";
		};
		40C69FC82559C3F300B05DBD /* TvTrackerUITests */ = {
			isa = PBXGroup;
			children = (
				40C69FC92559C3F300B05DBD /* TvTrackerUITests.swift */,
				40C69FCB2559C3F300B05DBD /* Info.plist */,
			);
			path = TvTrackerUITests;
			sourceTree = "<group>";
		};
		40CAFE7825697D5A002890DE /* Models */ = {
			isa = PBXGroup;
			children = (
				84EF05592569AB7300D62C7D /* EpisodeModel.swift */,
				84EF055A2569AB7300D62C7D /* SeasonModel.swift */,
				84EF05582569AB7300D62C7D /* ShowModel.swift */,
				84EF05572569AB7300D62C7D /* TraktIdModel.swift */,
				405D4BF7257454A2008C6F9E /* TMDBImageModel.swift */,
			);
			path = Models;
			sourceTree = "<group>";
		};
		40CAFE7925697D73002890DE /* Services */ = {
			isa = PBXGroup;
			children = (
				405D4BE5257058CC008C6F9E /* Protocols */,
				403A17B42578485300BA75A2 /* ShowServices */,
				403A17BA2578489F00BA75A2 /* ApiServices */,
				403A17B52578486400BA75A2 /* SeasonServices */,
				403A17B62578487500BA75A2 /* EpisodeServices */,
				403A17AA25783A4D00BA75A2 /* FileService.swift */,
			);
			path = Services;
			sourceTree = "<group>";
		};
		8405BF07257B914A00D231D7 /* DetailViews */ = {
			isa = PBXGroup;
			children = (
				40B0927C257977FD00A7E0C3 /* EpisodeDetailView.swift */,
				8419921325757A0B00B0AD3B /* SeasonDetailView.swift */,
				84FB19A9256D327B004692BC /* ShowDetailView.swift */,
			);
			path = DetailViews;
			sourceTree = "<group>";
		};
		8405BF0B257B91C800D231D7 /* SharedViews */ = {
			isa = PBXGroup;
			children = (
				4057AE4C256B1F140099EE8D /* FavoriteStarView.swift */,
				84BBDCD2257D1B3100FA3627 /* FavoriteTextView.swift */,
				40CAFE6E2569732D002890DE /* ListImageView.swift */,
				40106C152575A5BD008A0605 /* SearchBarView.swift */,
				40106C1A2575A5DD008A0605 /* ViewControllerResolver.swift */,
			);
			path = SharedViews;
			sourceTree = "<group>";
		};
		84EDF06D25692C6C00037F00 /* Views */ = {
			isa = PBXGroup;
			children = (
				8405BF07257B914A00D231D7 /* DetailViews */,
				8405BF0B257B91C800D231D7 /* SharedViews */,
				84CA63F325754687009BF76B /* AboutView.swift */,
				40C69FA92559C3EE00B05DBD /* ContentView.swift */,
				84EDF05D2569280000037F00 /* FavoritesView.swift */,
				84EDF0582569279800037F00 /* ReleaseView.swift */,
				40E7B495257585F500B04A73 /* ShowListView.swift */,
				405D4C012574E413008C6F9E /* ShowRowView.swift */,
			);
			path = Views;
			sourceTree = "<group>";
		};
/* End PBXGroup section */

/* Begin PBXNativeTarget section */
		40C69FA32559C3EE00B05DBD /* TvTracker */ = {
			isa = PBXNativeTarget;
			buildConfigurationList = 40C69FCE2559C3F300B05DBD /* Build configuration list for PBXNativeTarget "TvTracker" */;
			buildPhases = (
				40C69FA02559C3EE00B05DBD /* Sources */,
				40C69FA12559C3EE00B05DBD /* Frameworks */,
				40C69FA22559C3EE00B05DBD /* Resources */,
			);
			buildRules = (
			);
			dependencies = (
			);
			name = TvTracker;
			packageProductDependencies = (
				40A9432025693F320034C307 /* Alamofire */,
				40CAFE6925696E54002890DE /* URLImage */,
			);
			productName = TvTracker;
			productReference = 40C69FA42559C3EE00B05DBD /* TvTracker.app */;
			productType = "com.apple.product-type.application";
		};
		40C69FB92559C3F300B05DBD /* TvTrackerTests */ = {
			isa = PBXNativeTarget;
			buildConfigurationList = 40C69FD12559C3F300B05DBD /* Build configuration list for PBXNativeTarget "TvTrackerTests" */;
			buildPhases = (
				40C69FB62559C3F300B05DBD /* Sources */,
				40C69FB72559C3F300B05DBD /* Frameworks */,
				40C69FB82559C3F300B05DBD /* Resources */,
			);
			buildRules = (
			);
			dependencies = (
				40C69FBC2559C3F300B05DBD /* PBXTargetDependency */,
			);
			name = TvTrackerTests;
			productName = TvTrackerTests;
			productReference = 40C69FBA2559C3F300B05DBD /* TvTrackerTests.xctest */;
			productType = "com.apple.product-type.bundle.unit-test";
		};
		40C69FC42559C3F300B05DBD /* TvTrackerUITests */ = {
			isa = PBXNativeTarget;
			buildConfigurationList = 40C69FD42559C3F300B05DBD /* Build configuration list for PBXNativeTarget "TvTrackerUITests" */;
			buildPhases = (
				40C69FC12559C3F300B05DBD /* Sources */,
				40C69FC22559C3F300B05DBD /* Frameworks */,
				40C69FC32559C3F300B05DBD /* Resources */,
			);
			buildRules = (
			);
			dependencies = (
				40C69FC72559C3F300B05DBD /* PBXTargetDependency */,
			);
			name = TvTrackerUITests;
			productName = TvTrackerUITests;
			productReference = 40C69FC52559C3F300B05DBD /* TvTrackerUITests.xctest */;
			productType = "com.apple.product-type.bundle.ui-testing";
		};
/* End PBXNativeTarget section */

/* Begin PBXProject section */
		40C69F9C2559C3EE00B05DBD /* Project object */ = {
			isa = PBXProject;
			attributes = {
				LastSwiftUpdateCheck = 1210;
				LastUpgradeCheck = 1210;
				TargetAttributes = {
					40C69FA32559C3EE00B05DBD = {
						CreatedOnToolsVersion = 12.1;
					};
					40C69FB92559C3F300B05DBD = {
						CreatedOnToolsVersion = 12.1;
						TestTargetID = 40C69FA32559C3EE00B05DBD;
					};
					40C69FC42559C3F300B05DBD = {
						CreatedOnToolsVersion = 12.1;
						TestTargetID = 40C69FA32559C3EE00B05DBD;
					};
				};
			};
			buildConfigurationList = 40C69F9F2559C3EE00B05DBD /* Build configuration list for PBXProject "TvTracker" */;
			compatibilityVersion = "Xcode 9.3";
			developmentRegion = en;
			hasScannedForEncodings = 0;
			knownRegions = (
				en,
				Base,
			);
			mainGroup = 40C69F9B2559C3EE00B05DBD;
			packageReferences = (
				40A9431F25693F320034C307 /* XCRemoteSwiftPackageReference "Alamofire" */,
				40CAFE6825696E54002890DE /* XCRemoteSwiftPackageReference "url-image" */,
			);
			productRefGroup = 40C69FA52559C3EE00B05DBD /* Products */;
			projectDirPath = "";
			projectRoot = "";
			targets = (
				40C69FA32559C3EE00B05DBD /* TvTracker */,
				40C69FB92559C3F300B05DBD /* TvTrackerTests */,
				40C69FC42559C3F300B05DBD /* TvTrackerUITests */,
			);
		};
/* End PBXProject section */

/* Begin PBXResourcesBuildPhase section */
		40C69FA22559C3EE00B05DBD /* Resources */ = {
			isa = PBXResourcesBuildPhase;
			buildActionMask = 2147483647;
			files = (
				40C69FAF2559C3F200B05DBD /* Preview Assets.xcassets in Resources */,
				40C69FAC2559C3F200B05DBD /* Assets.xcassets in Resources */,
			);
			runOnlyForDeploymentPostprocessing = 0;
		};
		40C69FB82559C3F300B05DBD /* Resources */ = {
			isa = PBXResourcesBuildPhase;
			buildActionMask = 2147483647;
			files = (
			);
			runOnlyForDeploymentPostprocessing = 0;
		};
		40C69FC32559C3F300B05DBD /* Resources */ = {
			isa = PBXResourcesBuildPhase;
			buildActionMask = 2147483647;
			files = (
			);
			runOnlyForDeploymentPostprocessing = 0;
		};
/* End PBXResourcesBuildPhase section */

/* Begin PBXSourcesBuildPhase section */
		40C69FA02559C3EE00B05DBD /* Sources */ = {
			isa = PBXSourcesBuildPhase;
			buildActionMask = 2147483647;
			files = (
				40C69FB42559C3F200B05DBD /* TvTracker.xcdatamodeld in Sources */,
				84EF05652569AB9700D62C7D /* TraktApi.swift in Sources */,
				405D4BE7257058ED008C6F9E /* SeasonServiceProtocol.swift in Sources */,
				40B0927D257977FD00A7E0C3 /* EpisodeDetailView.swift in Sources */,
				40106C1B2575A5DD008A0605 /* ViewControllerResolver.swift in Sources */,
				405B2D1D25702CD100A42BFA /* EpisodeService.swift in Sources */,
				40C69FB12559C3F200B05DBD /* Persistence.swift in Sources */,
				84EF055D2569AB7300D62C7D /* EpisodeModel.swift in Sources */,
				8419921425757A0B00B0AD3B /* SeasonDetailView.swift in Sources */,
				405D4C022574E413008C6F9E /* ShowRowView.swift in Sources */,
				40106C162575A5BD008A0605 /* SearchBarView.swift in Sources */,
				84FB19AA256D327B004692BC /* ShowDetailView.swift in Sources */,
				84EDF05E2569280000037F00 /* FavoritesView.swift in Sources */,
				405D4BF8257454A2008C6F9E /* TMDBImageModel.swift in Sources */,
				403A17B02578469D00BA75A2 /* EpisodeDataSource.swift in Sources */,
				405B2D13256DB38B00A42BFA /* SeasonService.swift in Sources */,
				84EF05672569AB9700D62C7D /* ShowService.swift in Sources */,
				84EF055B2569AB7300D62C7D /* TraktIdModel.swift in Sources */,
				405B2D06256D9CD200A42BFA /* ShowPersistencyService.swift in Sources */,
				84EF055C2569AB7300D62C7D /* ShowModel.swift in Sources */,
				404AA2D32570384500D1036F /* SeasonPersitencyService.swift in Sources */,
				40C69FAA2559C3EE00B05DBD /* ContentView.swift in Sources */,
				40C69FA82559C3EE00B05DBD /* TvTrackerApp.swift in Sources */,
				4057AE4D256B1F140099EE8D /* FavoriteStarView.swift in Sources */,
				84BBDCD3257D1B3100FA3627 /* FavoriteTextView.swift in Sources */,
				84CA63EF257532C1009BF76B /* SeasonDataSource.swift in Sources */,
				40E7B496257585F500B04A73 /* ShowListView.swift in Sources */,
				84CA63F425754687009BF76B /* AboutView.swift in Sources */,
				84EF055E2569AB7300D62C7D /* SeasonModel.swift in Sources */,
				40CAFE6F2569732D002890DE /* ListImageView.swift in Sources */,
				84FED80D256AAF6A0057C5B4 /* ShowDataSource.swift in Sources */,
				403A17AB25783A4E00BA75A2 /* FileService.swift in Sources */,
				403A17A625782DF900BA75A2 /* TmdbApi.swift in Sources */,
				84EDF0592569279800037F00 /* ReleaseView.swift in Sources */,
				403A17BC257848C600BA75A2 /* EpisodePersistencyService.swift in Sources */,
			);
			runOnlyForDeploymentPostprocessing = 0;
		};
		40C69FB62559C3F300B05DBD /* Sources */ = {
			isa = PBXSourcesBuildPhase;
			buildActionMask = 2147483647;
			files = (
				405D4BF025705951008C6F9E /* MockSeasonService.swift in Sources */,
				405B2D18256DB52400A42BFA /* SeasonServiceTest.swift in Sources */,
				404AA2CB2570308B00D1036F /* EpisodeServiceTest.swift in Sources */,
				405D4BE125705615008C6F9E /* SeasonPersistencySerivceTest.swift in Sources */,
				40C69FBF2559C3F300B05DBD /* ShowServiceTest.swift in Sources */,
				404AA2D82570486F00D1036F /* ConvertToDateTest.swift in Sources */,
			);
			runOnlyForDeploymentPostprocessing = 0;
		};
		40C69FC12559C3F300B05DBD /* Sources */ = {
			isa = PBXSourcesBuildPhase;
			buildActionMask = 2147483647;
			files = (
				40C69FCA2559C3F300B05DBD /* TvTrackerUITests.swift in Sources */,
			);
			runOnlyForDeploymentPostprocessing = 0;
		};
/* End PBXSourcesBuildPhase section */

/* Begin PBXTargetDependency section */
		40C69FBC2559C3F300B05DBD /* PBXTargetDependency */ = {
			isa = PBXTargetDependency;
			target = 40C69FA32559C3EE00B05DBD /* TvTracker */;
			targetProxy = 40C69FBB2559C3F300B05DBD /* PBXContainerItemProxy */;
		};
		40C69FC72559C3F300B05DBD /* PBXTargetDependency */ = {
			isa = PBXTargetDependency;
			target = 40C69FA32559C3EE00B05DBD /* TvTracker */;
			targetProxy = 40C69FC62559C3F300B05DBD /* PBXContainerItemProxy */;
		};
/* End PBXTargetDependency section */

/* Begin XCBuildConfiguration section */
		40C69FCC2559C3F300B05DBD /* Debug */ = {
			isa = XCBuildConfiguration;
			buildSettings = {
				ALWAYS_SEARCH_USER_PATHS = NO;
				CLANG_ANALYZER_NONNULL = YES;
				CLANG_ANALYZER_NUMBER_OBJECT_CONVERSION = YES_AGGRESSIVE;
				CLANG_CXX_LANGUAGE_STANDARD = "gnu++14";
				CLANG_CXX_LIBRARY = "libc++";
				CLANG_ENABLE_MODULES = YES;
				CLANG_ENABLE_OBJC_ARC = YES;
				CLANG_ENABLE_OBJC_WEAK = YES;
				CLANG_WARN_BLOCK_CAPTURE_AUTORELEASING = YES;
				CLANG_WARN_BOOL_CONVERSION = YES;
				CLANG_WARN_COMMA = YES;
				CLANG_WARN_CONSTANT_CONVERSION = YES;
				CLANG_WARN_DEPRECATED_OBJC_IMPLEMENTATIONS = YES;
				CLANG_WARN_DIRECT_OBJC_ISA_USAGE = YES_ERROR;
				CLANG_WARN_DOCUMENTATION_COMMENTS = YES;
				CLANG_WARN_EMPTY_BODY = YES;
				CLANG_WARN_ENUM_CONVERSION = YES;
				CLANG_WARN_INFINITE_RECURSION = YES;
				CLANG_WARN_INT_CONVERSION = YES;
				CLANG_WARN_NON_LITERAL_NULL_CONVERSION = YES;
				CLANG_WARN_OBJC_IMPLICIT_RETAIN_SELF = YES;
				CLANG_WARN_OBJC_LITERAL_CONVERSION = YES;
				CLANG_WARN_OBJC_ROOT_CLASS = YES_ERROR;
				CLANG_WARN_QUOTED_INCLUDE_IN_FRAMEWORK_HEADER = YES;
				CLANG_WARN_RANGE_LOOP_ANALYSIS = YES;
				CLANG_WARN_STRICT_PROTOTYPES = YES;
				CLANG_WARN_SUSPICIOUS_MOVE = YES;
				CLANG_WARN_UNGUARDED_AVAILABILITY = YES_AGGRESSIVE;
				CLANG_WARN_UNREACHABLE_CODE = YES;
				CLANG_WARN__DUPLICATE_METHOD_MATCH = YES;
				COPY_PHASE_STRIP = NO;
				DEBUG_INFORMATION_FORMAT = dwarf;
				ENABLE_STRICT_OBJC_MSGSEND = YES;
				ENABLE_TESTABILITY = YES;
				GCC_C_LANGUAGE_STANDARD = gnu11;
				GCC_DYNAMIC_NO_PIC = NO;
				GCC_NO_COMMON_BLOCKS = YES;
				GCC_OPTIMIZATION_LEVEL = 0;
				GCC_PREPROCESSOR_DEFINITIONS = (
					"DEBUG=1",
					"$(inherited)",
				);
				GCC_WARN_64_TO_32_BIT_CONVERSION = YES;
				GCC_WARN_ABOUT_RETURN_TYPE = YES_ERROR;
				GCC_WARN_UNDECLARED_SELECTOR = YES;
				GCC_WARN_UNINITIALIZED_AUTOS = YES_AGGRESSIVE;
				GCC_WARN_UNUSED_FUNCTION = YES;
				GCC_WARN_UNUSED_VARIABLE = YES;
				IPHONEOS_DEPLOYMENT_TARGET = 14.1;
				MTL_ENABLE_DEBUG_INFO = INCLUDE_SOURCE;
				MTL_FAST_MATH = YES;
				ONLY_ACTIVE_ARCH = YES;
				SDKROOT = iphoneos;
				SWIFT_ACTIVE_COMPILATION_CONDITIONS = DEBUG;
				SWIFT_OPTIMIZATION_LEVEL = "-Onone";
			};
			name = Debug;
		};
		40C69FCD2559C3F300B05DBD /* Release */ = {
			isa = XCBuildConfiguration;
			buildSettings = {
				ALWAYS_SEARCH_USER_PATHS = NO;
				CLANG_ANALYZER_NONNULL = YES;
				CLANG_ANALYZER_NUMBER_OBJECT_CONVERSION = YES_AGGRESSIVE;
				CLANG_CXX_LANGUAGE_STANDARD = "gnu++14";
				CLANG_CXX_LIBRARY = "libc++";
				CLANG_ENABLE_MODULES = YES;
				CLANG_ENABLE_OBJC_ARC = YES;
				CLANG_ENABLE_OBJC_WEAK = YES;
				CLANG_WARN_BLOCK_CAPTURE_AUTORELEASING = YES;
				CLANG_WARN_BOOL_CONVERSION = YES;
				CLANG_WARN_COMMA = YES;
				CLANG_WARN_CONSTANT_CONVERSION = YES;
				CLANG_WARN_DEPRECATED_OBJC_IMPLEMENTATIONS = YES;
				CLANG_WARN_DIRECT_OBJC_ISA_USAGE = YES_ERROR;
				CLANG_WARN_DOCUMENTATION_COMMENTS = YES;
				CLANG_WARN_EMPTY_BODY = YES;
				CLANG_WARN_ENUM_CONVERSION = YES;
				CLANG_WARN_INFINITE_RECURSION = YES;
				CLANG_WARN_INT_CONVERSION = YES;
				CLANG_WARN_NON_LITERAL_NULL_CONVERSION = YES;
				CLANG_WARN_OBJC_IMPLICIT_RETAIN_SELF = YES;
				CLANG_WARN_OBJC_LITERAL_CONVERSION = YES;
				CLANG_WARN_OBJC_ROOT_CLASS = YES_ERROR;
				CLANG_WARN_QUOTED_INCLUDE_IN_FRAMEWORK_HEADER = YES;
				CLANG_WARN_RANGE_LOOP_ANALYSIS = YES;
				CLANG_WARN_STRICT_PROTOTYPES = YES;
				CLANG_WARN_SUSPICIOUS_MOVE = YES;
				CLANG_WARN_UNGUARDED_AVAILABILITY = YES_AGGRESSIVE;
				CLANG_WARN_UNREACHABLE_CODE = YES;
				CLANG_WARN__DUPLICATE_METHOD_MATCH = YES;
				COPY_PHASE_STRIP = NO;
				DEBUG_INFORMATION_FORMAT = "dwarf-with-dsym";
				ENABLE_NS_ASSERTIONS = NO;
				ENABLE_STRICT_OBJC_MSGSEND = YES;
				GCC_C_LANGUAGE_STANDARD = gnu11;
				GCC_NO_COMMON_BLOCKS = YES;
				GCC_WARN_64_TO_32_BIT_CONVERSION = YES;
				GCC_WARN_ABOUT_RETURN_TYPE = YES_ERROR;
				GCC_WARN_UNDECLARED_SELECTOR = YES;
				GCC_WARN_UNINITIALIZED_AUTOS = YES_AGGRESSIVE;
				GCC_WARN_UNUSED_FUNCTION = YES;
				GCC_WARN_UNUSED_VARIABLE = YES;
				IPHONEOS_DEPLOYMENT_TARGET = 14.1;
				MTL_ENABLE_DEBUG_INFO = NO;
				MTL_FAST_MATH = YES;
				SDKROOT = iphoneos;
				SWIFT_COMPILATION_MODE = wholemodule;
				SWIFT_OPTIMIZATION_LEVEL = "-O";
				VALIDATE_PRODUCT = YES;
			};
			name = Release;
		};
		40C69FCF2559C3F300B05DBD /* Debug */ = {
			isa = XCBuildConfiguration;
			buildSettings = {
				ASSETCATALOG_COMPILER_APPICON_NAME = AppIcon;
				ASSETCATALOG_COMPILER_GLOBAL_ACCENT_COLOR_NAME = AccentColor;
				CODE_SIGN_STYLE = Automatic;
				DEVELOPMENT_ASSET_PATHS = "\"TvTracker/Preview Content\"";
				ENABLE_PREVIEWS = YES;
				INFOPLIST_FILE = TvTracker/Info.plist;
				IPHONEOS_DEPLOYMENT_TARGET = 14.0;
				LD_RUNPATH_SEARCH_PATHS = (
					"$(inherited)",
					"@executable_path/Frameworks",
				);
				PRODUCT_BUNDLE_IDENTIFIER = cedu.TvTracker;
				PRODUCT_NAME = "$(TARGET_NAME)";
				SWIFT_VERSION = 5.0;
				TARGETED_DEVICE_FAMILY = "1,2";
			};
			name = Debug;
		};
		40C69FD02559C3F300B05DBD /* Release */ = {
			isa = XCBuildConfiguration;
			buildSettings = {
				ASSETCATALOG_COMPILER_APPICON_NAME = AppIcon;
				ASSETCATALOG_COMPILER_GLOBAL_ACCENT_COLOR_NAME = AccentColor;
				CODE_SIGN_STYLE = Automatic;
				DEVELOPMENT_ASSET_PATHS = "\"TvTracker/Preview Content\"";
				ENABLE_PREVIEWS = YES;
				INFOPLIST_FILE = TvTracker/Info.plist;
				IPHONEOS_DEPLOYMENT_TARGET = 14.0;
				LD_RUNPATH_SEARCH_PATHS = (
					"$(inherited)",
					"@executable_path/Frameworks",
				);
				PRODUCT_BUNDLE_IDENTIFIER = cedu.TvTracker;
				PRODUCT_NAME = "$(TARGET_NAME)";
				SWIFT_VERSION = 5.0;
				TARGETED_DEVICE_FAMILY = "1,2";
			};
			name = Release;
		};
		40C69FD22559C3F300B05DBD /* Debug */ = {
			isa = XCBuildConfiguration;
			buildSettings = {
				ALWAYS_EMBED_SWIFT_STANDARD_LIBRARIES = YES;
				BUNDLE_LOADER = "$(TEST_HOST)";
				CODE_SIGN_STYLE = Automatic;
				INFOPLIST_FILE = TvTrackerTests/Info.plist;
				IPHONEOS_DEPLOYMENT_TARGET = 14.0;
				LD_RUNPATH_SEARCH_PATHS = (
					"$(inherited)",
					"@executable_path/Frameworks",
					"@loader_path/Frameworks",
				);
				PRODUCT_BUNDLE_IDENTIFIER = cedu.TvTrackerTests;
				PRODUCT_NAME = "$(TARGET_NAME)";
				SWIFT_VERSION = 5.0;
				TARGETED_DEVICE_FAMILY = "1,2";
				TEST_HOST = "$(BUILT_PRODUCTS_DIR)/TvTracker.app/TvTracker";
			};
			name = Debug;
		};
		40C69FD32559C3F300B05DBD /* Release */ = {
			isa = XCBuildConfiguration;
			buildSettings = {
				ALWAYS_EMBED_SWIFT_STANDARD_LIBRARIES = YES;
				BUNDLE_LOADER = "$(TEST_HOST)";
				CODE_SIGN_STYLE = Automatic;
				INFOPLIST_FILE = TvTrackerTests/Info.plist;
				IPHONEOS_DEPLOYMENT_TARGET = 14.0;
				LD_RUNPATH_SEARCH_PATHS = (
					"$(inherited)",
					"@executable_path/Frameworks",
					"@loader_path/Frameworks",
				);
				PRODUCT_BUNDLE_IDENTIFIER = cedu.TvTrackerTests;
				PRODUCT_NAME = "$(TARGET_NAME)";
				SWIFT_VERSION = 5.0;
				TARGETED_DEVICE_FAMILY = "1,2";
				TEST_HOST = "$(BUILT_PRODUCTS_DIR)/TvTracker.app/TvTracker";
			};
			name = Release;
		};
		40C69FD52559C3F300B05DBD /* Debug */ = {
			isa = XCBuildConfiguration;
			buildSettings = {
				ALWAYS_EMBED_SWIFT_STANDARD_LIBRARIES = YES;
				CODE_SIGN_STYLE = Automatic;
				INFOPLIST_FILE = TvTrackerUITests/Info.plist;
				LD_RUNPATH_SEARCH_PATHS = (
					"$(inherited)",
					"@executable_path/Frameworks",
					"@loader_path/Frameworks",
				);
				PRODUCT_BUNDLE_IDENTIFIER = cedu.TvTrackerUITests;
				PRODUCT_NAME = "$(TARGET_NAME)";
				SWIFT_VERSION = 5.0;
				TARGETED_DEVICE_FAMILY = "1,2";
				TEST_TARGET_NAME = TvTracker;
			};
			name = Debug;
		};
		40C69FD62559C3F300B05DBD /* Release */ = {
			isa = XCBuildConfiguration;
			buildSettings = {
				ALWAYS_EMBED_SWIFT_STANDARD_LIBRARIES = YES;
				CODE_SIGN_STYLE = Automatic;
				INFOPLIST_FILE = TvTrackerUITests/Info.plist;
				LD_RUNPATH_SEARCH_PATHS = (
					"$(inherited)",
					"@executable_path/Frameworks",
					"@loader_path/Frameworks",
				);
				PRODUCT_BUNDLE_IDENTIFIER = cedu.TvTrackerUITests;
				PRODUCT_NAME = "$(TARGET_NAME)";
				SWIFT_VERSION = 5.0;
				TARGETED_DEVICE_FAMILY = "1,2";
				TEST_TARGET_NAME = TvTracker;
			};
			name = Release;
		};
/* End XCBuildConfiguration section */

/* Begin XCConfigurationList section */
		40C69F9F2559C3EE00B05DBD /* Build configuration list for PBXProject "TvTracker" */ = {
			isa = XCConfigurationList;
			buildConfigurations = (
				40C69FCC2559C3F300B05DBD /* Debug */,
				40C69FCD2559C3F300B05DBD /* Release */,
			);
			defaultConfigurationIsVisible = 0;
			defaultConfigurationName = Release;
		};
		40C69FCE2559C3F300B05DBD /* Build configuration list for PBXNativeTarget "TvTracker" */ = {
			isa = XCConfigurationList;
			buildConfigurations = (
				40C69FCF2559C3F300B05DBD /* Debug */,
				40C69FD02559C3F300B05DBD /* Release */,
			);
			defaultConfigurationIsVisible = 0;
			defaultConfigurationName = Release;
		};
		40C69FD12559C3F300B05DBD /* Build configuration list for PBXNativeTarget "TvTrackerTests" */ = {
			isa = XCConfigurationList;
			buildConfigurations = (
				40C69FD22559C3F300B05DBD /* Debug */,
				40C69FD32559C3F300B05DBD /* Release */,
			);
			defaultConfigurationIsVisible = 0;
			defaultConfigurationName = Release;
		};
		40C69FD42559C3F300B05DBD /* Build configuration list for PBXNativeTarget "TvTrackerUITests" */ = {
			isa = XCConfigurationList;
			buildConfigurations = (
				40C69FD52559C3F300B05DBD /* Debug */,
				40C69FD62559C3F300B05DBD /* Release */,
			);
			defaultConfigurationIsVisible = 0;
			defaultConfigurationName = Release;
		};
/* End XCConfigurationList section */

/* Begin XCRemoteSwiftPackageReference section */
		40A9431F25693F320034C307 /* XCRemoteSwiftPackageReference "Alamofire" */ = {
			isa = XCRemoteSwiftPackageReference;
			repositoryURL = "https://github.com/Alamofire/Alamofire.git";
			requirement = {
				kind = upToNextMajorVersion;
				minimumVersion = 5.4.0;
			};
		};
		40CAFE6825696E54002890DE /* XCRemoteSwiftPackageReference "url-image" */ = {
			isa = XCRemoteSwiftPackageReference;
			repositoryURL = "https://github.com/dmytro-anokhin/url-image.git";
			requirement = {
				kind = upToNextMajorVersion;
				minimumVersion = 2.1.9;
			};
		};
/* End XCRemoteSwiftPackageReference section */

/* Begin XCSwiftPackageProductDependency section */
		40A9432025693F320034C307 /* Alamofire */ = {
			isa = XCSwiftPackageProductDependency;
			package = 40A9431F25693F320034C307 /* XCRemoteSwiftPackageReference "Alamofire" */;
			productName = Alamofire;
		};
		40CAFE6925696E54002890DE /* URLImage */ = {
			isa = XCSwiftPackageProductDependency;
			package = 40CAFE6825696E54002890DE /* XCRemoteSwiftPackageReference "url-image" */;
			productName = URLImage;
		};
/* End XCSwiftPackageProductDependency section */

/* Begin XCVersionGroup section */
		40C69FB22559C3F200B05DBD /* TvTracker.xcdatamodeld */ = {
			isa = XCVersionGroup;
			children = (
				40C69FB32559C3F200B05DBD /* TvTracker.xcdatamodel */,
			);
			currentVersion = 40C69FB32559C3F200B05DBD /* TvTracker.xcdatamodel */;
			path = TvTracker.xcdatamodeld;
			sourceTree = "<group>";
			versionGroupType = wrapper.xcdatamodel;
		};
/* End XCVersionGroup section */
	};
	rootObject = 40C69F9C2559C3EE00B05DBD /* Project object */;
}
